github.com/fatih/color v1.7.0 h1:DkWD4oS2D8LGGgTQ6IvwJJXSL5Vp2ffcQg58nFV38Ys=
github.com/fatih/color v1.7.0/go.mod h1:Zm6kSWBoL9eyXnKyktHP6abPY2pDugNf5KwzbycvMj4=
github.com/fatih/color v1.9.0 h1:8xPHl4/q1VyqGIPif1F+1V3Y3lSmrq01EabUW3CoW5s=
github.com/fatih/color v1.9.0/go.mod h1:eQcE1qtQxscV5RaZvpXrrb8Drkc3/DdQ+uUYCNjL+zU=
github.com/mattn/go-colorable v0.1.4 h1:snbPLB8fVfU9iwbbo30TPtbLRzwWu6aJS6Xh4eaaviA=
github.com/mattn/go-colorable v0.1.4/go.mod h1:U0ppj6V5qS13XJ6of8GYAs25YV2eR4EVcfRqFIhoBtE=
github.com/mattn/go-colorable v0.1.6 h1:6Su7aK7lXmJ/U79bYtBjLNaha4Fs1Rg9plHpcH+vvnE=
github.com/mattn/go-colorable v0.1.6/go.mod h1:u6P/XSegPjTcexA+o6vUJrdnUu04hMope9wVRipJSqc=
github.com/mattn/go-isatty v0.0.8/go.mod h1:Iq45c/XA43vh69/j3iqttzPXn0bhXyGjM0Hdxcsrc5s=
github.com/mattn/go-isatty v0.0.10 h1:qxFzApOv4WsAL965uUPIsXzAKCZxN2p9UqdhFS4ZW10=
github.com/mattn/go-isatty v0.0.10/go.mod h1:qgIWMr58cqv1PHHyhnkY9lrL7etaEgOFcMEpPG5Rm84=
github.com/mattn/go-isatty v0.0.11 h1:FxPOTFNqGkuDUGi3H/qkUbQO4ZiBa2brKq5r0l8TGeM=
github.com/mattn/go-isatty v0.0.11/go.mod h1:PhnuNfih5lzO57/f3n+odYbM4JtupLOxQOAqxQCu2WE=
github.com/mattn/go-isatty v0.0.12 h1:wuysRhFDzyxgEmMf5xjvJ2M9dZoWAXNNr5LSBS7uHXY=
github.com/mattn/go-isatty v0.0.12/go.mod h1:cbi8OIDigv2wuxKPP5vlRcQ1OAZbq2CE4Kysco4FUpU=
github.com/mitchellh/go-homedir v1.1.0 h1:lukF9ziXFxDFPkA1vsr5zpc1XuPDn/wFntq5mG+4E0Y=
github.com/mitchellh/go-homedir v1.1.0/go.mod h1:SfyaCUpYCn1Vlf4IUYiD9fPX4A5wJrkLzIz1N1q0pr0=
github.com/piot/brisk-protocol-go v0.0.0-20200428155813-6f31c92b4ce8 h1:T7kC1MtD309GnRLFgCMII6fQ8h4gEYzYrJijPOwX+Ps=
github.com/piot/brisk-protocol-go v0.0.0-20200428155813-6f31c92b4ce8/go.mod h1:Uxju/MQM1QPQb4PtgLR9S1irf90R83iuD+e/0xJvJX8=
github.com/piot/brook-go v0.0.0-20191112122856-044790a8729a h1:byqikXm+ERD8ZDJ1tsXXXefTDJl0Rsdvxr2LsjyQBig=
github.com/piot/brook-go v0.0.0-20191112122856-044790a8729a/go.mod h1:XOBgIv7ob0m4m0noN1JVeuFrQs3LUxWdaFL+AyP6AGA=
github.com/piot/brook-go v0.0.0-20200409185404-7adbdf4a3b3e h1:p8NBAJRtx0fcn+ahUG/ztUcfWNYcdcuVKrhSB7j+c4I=
github.com/piot/brook-go v0.0.0-20200409185404-7adbdf4a3b3e/go.mod h1:XOBgIv7ob0m4m0noN1JVeuFrQs3LUxWdaFL+AyP6AGA=
github.com/piot/chrono-go v0.0.0-20190815095431-7514a247e435 h1:MaO7TOzbY8eQuEmCwt1mi4zcuDx3G2Mc7IDqI+KDnu0=
github.com/piot/chrono-go v0.0.0-20190815095431-7514a247e435/go.mod h1:njBMHPp9JBQ36wa5woYUjD2ey/iF3mKsDQsJ68tkD9M=
github.com/piot/flux-go v0.0.0-20200316095810-526f20ff3cf6 h1:G0pKVy+s2c1/r2el0jrLcKzJct+OuRvz/bUvnm8Nc0U=
github.com/piot/flux-go v0.0.0-20200316095810-526f20ff3cf6/go.mod h1:QfGo5wEEtgRiSHVz/Ev15pRmMuPTTnuE84fNouTYlso=
github.com/piot/ibdf-go v0.0.0-20200213092721-f46200019f65 h1:9ONXB3pao1qPUHU3uhiInyKwtIcpwKNvSRKvJhlPR7k=
github.com/piot/ibdf-go v0.0.0-20200213092721-f46200019f65/go.mod h1:8N5Oh7KDzfXBgqPii0j2wMl71FRjEXB+i7ckT6km9ZU=
github.com/piot/log-go v0.0.0-20191014203607-09e9b309a41b h1:FUqUU8h3IZe1L1NqkpaJnz7vLF4Fo2/z7VbxgpEhLww=
github.com/piot/log-go v0.0.0-20191014203607-09e9b309a41b/go.mod h1:pZwcBRw/9V9K7Z1MMHW+mlx/xkOhqZR+sWarMTR0Ucs=
github.com/piot/log-go v0.0.0-20200413223422-b6d88c352f08 h1:vvfC7JOogeF7Voc/qTSjFY2V3TCrYgmblxbvuUzPh8k=
github.com/piot/log-go v0.0.0-20200413223422-b6d88c352f08/go.mod h1:pZwcBRw/9V9K7Z1MMHW+mlx/xkOhqZR+sWarMTR0Ucs=
github.com/piot/monotonic-time-go v0.0.0-20191201132620-442fca68fe00 h1:VprceOSrBDVoENwVlPFL4f/qQWC4V5BCHVpHYi6rKaw=
github.com/piot/monotonic-time-go v0.0.0-20191201132620-442fca68fe00/go.mod h1:QqCttVb94PC3F2xioLeoUnmad1TCNAzOtrxq5dfOOaA=
github.com/piot/piff-go v0.0.0-20191127155735-801ce06497bb h1:ncz1fxN1ed18fA9jz65b9eba5+HyWyS0EqKGNC6jIzg=
github.com/piot/piff-go v0.0.0-20191127155735-801ce06497bb/go.mod h1:2WykDczzZWNrxkBPcWvQFD/j4xwatsYMauHZPe4iZu8=
github.com/piot/tend-go v0.0.0-20200206141134-f2e25833ea36 h1:a8jqPpKeHkUsCAI8eBt82xMOXG3e2W2j1769+FGNXKo=
github.com/piot/tend-go v0.0.0-20200206141134-f2e25833ea36/go.mod h1:Ic+rfXOVMBub88LKxPOx9C+LQBMVviqdapFRURNRgAc=
golang.org/x/sys v0.0.0-20190222072716-a9d3bda3a223/go.mod h1:STP8DvDyc/dI5b8T5hshtkjS+E42TnysNCUPdjciGhY=
golang.org/x/sys v0.0.0-20191008105621-543471e840be/go.mod h1:h1NjWce9XRLGQEsW7wpKNCjG9DtNlClVuFLEZdDNbEs=
golang.org/x/sys v0.0.0-20191010194322-b09406accb47/go.mod h1:h1NjWce9XRLGQEsW7wpKNCjG9DtNlClVuFLEZdDNbEs=
golang.org/x/sys v0.0.0-20191026070338-33540a1f6037/go.mod h1:h1NjWce9XRLGQEsW7wpKNCjG9DtNlClVuFLEZdDNbEs=
golang.org/x/sys v0.0.0-20191120155948-bd437916bb0e h1:N7DeIrjYszNmSW409R3frPPwglRwMkXSBzwVbkOjLLA=
golang.org/x/sys v0.0.0-20191120155948-bd437916bb0e/go.mod h1:h1NjWce9XRLGQEsW7wpKNCjG9DtNlClVuFLEZdDNbEs=
golang.org/x/sys v0.0.0-20191128015809-6d18c012aee9/go.mod h1:h1NjWce9XRLGQEsW7wpKNCjG9DtNlClVuFLEZdDNbEs=
golang.org/x/sys v0.0.0-20200116001909-b77594299b42/go.mod h1:h1NjWce9XRLGQEsW7wpKNCjG9DtNlClVuFLEZdDNbEs=
golang.org/x/sys v0.0.0-20200223170610-d5e6a3e2c0ae/go.mod h1:h1NjWce9XRLGQEsW7wpKNCjG9DtNlClVuFLEZdDNbEs=
golang.org/x/sys v0.0.0-20200302150141-5c8b2ff67527 h1:uYVVQ9WP/Ds2ROhcaGPeIdVq0RIXVLwsHlnvJ+cT1So=
golang.org/x/sys v0.0.0-20200302150141-5c8b2ff67527/go.mod h1:h1NjWce9XRLGQEsW7wpKNCjG9DtNlClVuFLEZdDNbEs=
golang.org/x/sys v0.0.0-20200427175716-29b57079015a h1:08u6b1caTT9MQY4wSbmsd4Ulm6DmgNYnbImBuZjGJow=
golang.org/x/sys v0.0.0-20200427175716-29b57079015a/go.mod h1:h1NjWce9XRLGQEsW7wpKNCjG9DtNlClVuFLEZdDNbEs=
