github.com/fatih/color v1.7.0 h1:DkWD4oS2D8LGGgTQ6IvwJJXSL5Vp2ffcQg58nFV38Ys=
github.com/fatih/color v1.7.0/go.mod h1:Zm6kSWBoL9eyXnKyktHP6abPY2pDugNf5KwzbycvMj4=
github.com/mattn/go-colorable v0.1.4 h1:snbPLB8fVfU9iwbbo30TPtbLRzwWu6aJS6Xh4eaaviA=
github.com/mattn/go-colorable v0.1.4/go.mod h1:U0ppj6V5qS13XJ6of8GYAs25YV2eR4EVcfRqFIhoBtE=
github.com/mattn/go-isatty v0.0.8/go.mod h1:Iq45c/XA43vh69/j3iqttzPXn0bhXyGjM0Hdxcsrc5s=
github.com/mattn/go-isatty v0.0.10 h1:qxFzApOv4WsAL965uUPIsXzAKCZxN2p9UqdhFS4ZW10=
github.com/mattn/go-isatty v0.0.10/go.mod h1:qgIWMr58cqv1PHHyhnkY9lrL7etaEgOFcMEpPG5Rm84=
github.com/mattn/go-isatty v0.0.11 h1:FxPOTFNqGkuDUGi3H/qkUbQO4ZiBa2brKq5r0l8TGeM=
github.com/mattn/go-isatty v0.0.11/go.mod h1:PhnuNfih5lzO57/f3n+odYbM4JtupLOxQOAqxQCu2WE=
github.com/mitchellh/go-homedir v1.1.0 h1:lukF9ziXFxDFPkA1vsr5zpc1XuPDn/wFntq5mG+4E0Y=
github.com/mitchellh/go-homedir v1.1.0/go.mod h1:SfyaCUpYCn1Vlf4IUYiD9fPX4A5wJrkLzIz1N1q0pr0=
github.com/piot/brisk-protocol-go v0.0.0-20191120221208-08fa228589a0 h1:6qJ+c7B97xYlhgIbPuzXbiyepg+QcSZJA9vGZ12CQHA=
github.com/piot/brisk-protocol-go v0.0.0-20191120221208-08fa228589a0/go.mod h1:cz6BM2ZcLETy+TzK8jd/GezFJwIMTNx3eDylzIywmao=
github.com/piot/brisk-protocol-go v0.0.0-20191219094032-c76886e2bada h1:ptQ/QWLUFkootfpvB2CxPalD0Zf3EFzV9eovdIM3X90=
github.com/piot/brisk-protocol-go v0.0.0-20191219094032-c76886e2bada/go.mod h1:VYRmk7yGV6QE4rVd+d5it70XvYk5K7xyj8RagHxqFYU=
github.com/piot/brook-go v0.0.0-20191112122856-044790a8729a h1:byqikXm+ERD8ZDJ1tsXXXefTDJl0Rsdvxr2LsjyQBig=
github.com/piot/brook-go v0.0.0-20191112122856-044790a8729a/go.mod h1:XOBgIv7ob0m4m0noN1JVeuFrQs3LUxWdaFL+AyP6AGA=
github.com/piot/chrono-go v0.0.0-20190815095431-7514a247e435 h1:MaO7TOzbY8eQuEmCwt1mi4zcuDx3G2Mc7IDqI+KDnu0=
github.com/piot/chrono-go v0.0.0-20190815095431-7514a247e435/go.mod h1:njBMHPp9JBQ36wa5woYUjD2ey/iF3mKsDQsJ68tkD9M=
github.com/piot/flux-go v0.0.0-20191014204331-fe1e92dd15f8 h1:StXCtrA/IAw6+XS0Thb9g0QPfEHpbPrgu5RzUS2o+YQ=
github.com/piot/flux-go v0.0.0-20191014204331-fe1e92dd15f8/go.mod h1:KxkQ0+n+cci0U3v/dv22cn2LxHd8ArOTW33RNVWh4W0=
github.com/piot/flux-go v0.0.0-20191128124218-4b15f1068c68 h1:CgyrifmbH9NYNmJXHVAldBn2y2tY1tq7UPvDgVrNmwE=
github.com/piot/flux-go v0.0.0-20191128124218-4b15f1068c68/go.mod h1:Une++fpjS6tJsUpyaeazOsMNLdOVodgRg2VYv4LUYeE=
github.com/piot/ibdf-go v0.0.0-20191120220827-8a8d818ac19a h1:x1h2J0xG3S9i4NC1yhq5y0F3iIgVNF754FyZ1vQFwOk=
github.com/piot/ibdf-go v0.0.0-20191120220827-8a8d818ac19a/go.mod h1:dMuSbepegeLkTyXJQmpxEuaIA5/qzxeQvB1H57z9rtg=
github.com/piot/ibdf-go v0.0.0-20191127155708-68f278a63a26/go.mod h1:dMuSbepegeLkTyXJQmpxEuaIA5/qzxeQvB1H57z9rtg=
github.com/piot/ibdf-go v0.0.0-20191128132544-98fd8a662701 h1:4gfSDMauoQtLc/8zs0fs0ZZw/qX8qahkv3UK6KY3SDs=
github.com/piot/ibdf-go v0.0.0-20191128132544-98fd8a662701/go.mod h1:8N5Oh7KDzfXBgqPii0j2wMl71FRjEXB+i7ckT6km9ZU=
github.com/piot/log-go v0.0.0-20191014203607-09e9b309a41b h1:FUqUU8h3IZe1L1NqkpaJnz7vLF4Fo2/z7VbxgpEhLww=
github.com/piot/log-go v0.0.0-20191014203607-09e9b309a41b/go.mod h1:pZwcBRw/9V9K7Z1MMHW+mlx/xkOhqZR+sWarMTR0Ucs=
github.com/piot/piff-go v0.0.0-20191120220713-acd175b98309 h1:6V8yRcMaXM1954ytfV52XioEoBQ0RvRYSsaoow3fq+0=
github.com/piot/piff-go v0.0.0-20191120220713-acd175b98309/go.mod h1:2WykDczzZWNrxkBPcWvQFD/j4xwatsYMauHZPe4iZu8=
github.com/piot/piff-go v0.0.0-20191127155735-801ce06497bb h1:ncz1fxN1ed18fA9jz65b9eba5+HyWyS0EqKGNC6jIzg=
github.com/piot/piff-go v0.0.0-20191127155735-801ce06497bb/go.mod h1:2WykDczzZWNrxkBPcWvQFD/j4xwatsYMauHZPe4iZu8=
github.com/piot/tend-go v0.0.0-20190815095402-76632cc77bff h1:xfP2hxStd8aczxLNShI+Xg37tbols+e0PJa/nwsSN04=
github.com/piot/tend-go v0.0.0-20190815095402-76632cc77bff/go.mod h1:QGTVkBeTPMOVsGAMe/9116LgAykdII7byc7KK1PanZY=
golang.org/x/sys v0.0.0-20190222072716-a9d3bda3a223/go.mod h1:STP8DvDyc/dI5b8T5hshtkjS+E42TnysNCUPdjciGhY=
golang.org/x/sys v0.0.0-20191008105621-543471e840be/go.mod h1:h1NjWce9XRLGQEsW7wpKNCjG9DtNlClVuFLEZdDNbEs=
golang.org/x/sys v0.0.0-20191010194322-b09406accb47/go.mod h1:h1NjWce9XRLGQEsW7wpKNCjG9DtNlClVuFLEZdDNbEs=
golang.org/x/sys v0.0.0-20191026070338-33540a1f6037/go.mod h1:h1NjWce9XRLGQEsW7wpKNCjG9DtNlClVuFLEZdDNbEs=
golang.org/x/sys v0.0.0-20191120155948-bd437916bb0e h1:N7DeIrjYszNmSW409R3frPPwglRwMkXSBzwVbkOjLLA=
golang.org/x/sys v0.0.0-20191120155948-bd437916bb0e/go.mod h1:h1NjWce9XRLGQEsW7wpKNCjG9DtNlClVuFLEZdDNbEs=
golang.org/x/sys v0.0.0-20191128015809-6d18c012aee9/go.mod h1:h1NjWce9XRLGQEsW7wpKNCjG9DtNlClVuFLEZdDNbEs=
golang.org/x/sys v0.0.0-20191218084908-4a24b4065292 h1:Y8q0zsdcgAd+JU8VUA8p8Qv2YhuY9zevDG2ORt5qBUI=
golang.org/x/sys v0.0.0-20191218084908-4a24b4065292/go.mod h1:h1NjWce9XRLGQEsW7wpKNCjG9DtNlClVuFLEZdDNbEs=
